
Microsoft Visual Studio Solution File, Format Version 12.00
# Visual Studio 15
VisualStudioVersion = 15.0.27703.2026
MinimumVisualStudioVersion = 10.0.40219.1
Project("{9A19103F-16F7-4668-BE54-9A1E7A4F7556}") = "dotnet-etcd", "dotnet-etcd\dotnet-etcd.csproj", "{E4AEC985-B8FC-498D-B173-0ADFCFBD82BA}"
EndProject
Global
	GlobalSection(SolutionConfigurationPlatforms) = preSolution
		Debug|Any CPU = Debug|Any CPU
		Release|Any CPU = Release|Any CPU
	EndGlobalSection
	GlobalSection(ProjectConfigurationPlatforms) = postSolution
		{E4AEC985-B8FC-498D-B173-0ADFCFBD82BA}.Debug|Any CPU.ActiveCfg = Debug|Any CPU
		{E4AEC985-B8FC-498D-B173-0ADFCFBD82BA}.Debug|Any CPU.Build.0 = Debug|Any CPU
		{E4AEC985-B8FC-498D-B173-0ADFCFBD82BA}.Release|Any CPU.ActiveCfg = Release|Any CPU
		{E4AEC985-B8FC-498D-B173-0ADFCFBD82BA}.Release|Any CPU.Build.0 = Release|Any CPU
	EndGlobalSection
	GlobalSection(SolutionProperties) = preSolution
		HideSolutionNode = FALSE
	EndGlobalSection
	GlobalSection(ExtensibilityGlobals) = postSolution
		SolutionGuid = {EAB8A37D-B932-4DD3-A44E-8F68DE5669C9}
	EndGlobalSection
EndGlobal
